
Microsoft Visual Studio Solution File, Format Version 12.00
# Visual Studio Version 17
VisualStudioVersion = 17.3.32825.248
MinimumVisualStudioVersion = 10.0.40219.1
Project("{9A19103F-16F7-4668-BE54-9A1E7A4F7556}") = "ProcessLibrary", "ProcessLibrary\ProcessLibrary.csproj", "{7C6CBAE2-AC56-42D8-AC96-2DF11F1C89A2}"
EndProject
Project("{9A19103F-16F7-4668-BE54-9A1E7A4F7556}") = "ProcessServer", "ProcessServer\ProcessServer.csproj", "{F4D8F11E-60BA-4A1E-8183-258693D3C087}"
EndProject
Project("{9A19103F-16F7-4668-BE54-9A1E7A4F7556}") = "ProcessClient", "ProcessClient\ProcessClient.csproj", "{15CA3480-1DD2-4BEF-B31F-E01FC0C95C6A}"
EndProject
Project("{9A19103F-16F7-4668-BE54-9A1E7A4F7556}") = "Process.Interface", "Process.Interface\Process.Interface.csproj", "{A15EE0AE-B91A-4264-ABB9-C6934C9CD8D6}"
EndProject
Project("{2150E333-8FDC-42A3-9474-1A3956D46DE8}") = "Solution Items", "Solution Items", "{17789DB5-F370-4A67-8624-F9AF02283360}"
	ProjectSection(SolutionItems) = preProject
		.editorconfig = .editorconfig
		.sonarlint\4jetf4\CSharp\SonarLint.xml = .sonarlint\4jetf4\CSharp\SonarLint.xml
	EndProjectSection
EndProject
Project("{FAE04EC0-301F-11D3-BF4B-00C04F79EFBC}") = "MonitorServer", "MonitorServer\MonitorServer.csproj", "{48AC988A-3AE1-4541-9BB4-92253D7331A2}"
EndProject
Project("{FAE04EC0-301F-11D3-BF4B-00C04F79EFBC}") = "ImageProcessingServer", "ImageProcessingServer\ImageProcessingServer.csproj", "{F112A944-4D46-4D79-BF17-C1260E6EE739}"
EndProject
Project("{2150E333-8FDC-42A3-9474-1A3956D46DE8}") = "Servers", "Servers", "{511D81CF-5A4B-4DFD-A425-42B667CF9E61}"
EndProject
Global
	GlobalSection(SolutionConfigurationPlatforms) = preSolution
		Debug|Any CPU = Debug|Any CPU
		Release|Any CPU = Release|Any CPU
	EndGlobalSection
	GlobalSection(ProjectConfigurationPlatforms) = postSolution
		{7C6CBAE2-AC56-42D8-AC96-2DF11F1C89A2}.Debug|Any CPU.ActiveCfg = Debug|Any CPU
		{7C6CBAE2-AC56-42D8-AC96-2DF11F1C89A2}.Debug|Any CPU.Build.0 = Debug|Any CPU
		{7C6CBAE2-AC56-42D8-AC96-2DF11F1C89A2}.Release|Any CPU.ActiveCfg = Release|Any CPU
		{7C6CBAE2-AC56-42D8-AC96-2DF11F1C89A2}.Release|Any CPU.Build.0 = Release|Any CPU
		{F4D8F11E-60BA-4A1E-8183-258693D3C087}.Debug|Any CPU.ActiveCfg = Debug|Any CPU
		{F4D8F11E-60BA-4A1E-8183-258693D3C087}.Debug|Any CPU.Build.0 = Debug|Any CPU
		{F4D8F11E-60BA-4A1E-8183-258693D3C087}.Release|Any CPU.ActiveCfg = Release|Any CPU
		{F4D8F11E-60BA-4A1E-8183-258693D3C087}.Release|Any CPU.Build.0 = Release|Any CPU
		{15CA3480-1DD2-4BEF-B31F-E01FC0C95C6A}.Debug|Any CPU.ActiveCfg = Debug|Any CPU
		{15CA3480-1DD2-4BEF-B31F-E01FC0C95C6A}.Debug|Any CPU.Build.0 = Debug|Any CPU
		{15CA3480-1DD2-4BEF-B31F-E01FC0C95C6A}.Release|Any CPU.ActiveCfg = Release|Any CPU
		{15CA3480-1DD2-4BEF-B31F-E01FC0C95C6A}.Release|Any CPU.Build.0 = Release|Any CPU
		{A15EE0AE-B91A-4264-ABB9-C6934C9CD8D6}.Debug|Any CPU.ActiveCfg = Debug|Any CPU
		{A15EE0AE-B91A-4264-ABB9-C6934C9CD8D6}.Debug|Any CPU.Build.0 = Debug|Any CPU
		{A15EE0AE-B91A-4264-ABB9-C6934C9CD8D6}.Release|Any CPU.ActiveCfg = Release|Any CPU
		{A15EE0AE-B91A-4264-ABB9-C6934C9CD8D6}.Release|Any CPU.Build.0 = Release|Any CPU
		{48AC988A-3AE1-4541-9BB4-92253D7331A2}.Debug|Any CPU.ActiveCfg = Debug|Any CPU
		{48AC988A-3AE1-4541-9BB4-92253D7331A2}.Debug|Any CPU.Build.0 = Debug|Any CPU
		{48AC988A-3AE1-4541-9BB4-92253D7331A2}.Release|Any CPU.ActiveCfg = Release|Any CPU
		{48AC988A-3AE1-4541-9BB4-92253D7331A2}.Release|Any CPU.Build.0 = Release|Any CPU
		{F112A944-4D46-4D79-BF17-C1260E6EE739}.Debug|Any CPU.ActiveCfg = Debug|Any CPU
		{F112A944-4D46-4D79-BF17-C1260E6EE739}.Debug|Any CPU.Build.0 = Debug|Any CPU
		{F112A944-4D46-4D79-BF17-C1260E6EE739}.Release|Any CPU.ActiveCfg = Release|Any CPU
		{F112A944-4D46-4D79-BF17-C1260E6EE739}.Release|Any CPU.Build.0 = Release|Any CPU
	EndGlobalSection
	GlobalSection(SolutionProperties) = preSolution
		HideSolutionNode = FALSE
	EndGlobalSection
	GlobalSection(ExtensibilityGlobals) = postSolution
		SolutionGuid = {7FC3847E-1DAF-4E1F-8214-E8C674C11CEB}
	EndGlobalSection
EndGlobal
